
Microsoft Visual Studio Solution File, Format Version 12.00
# Visual Studio Version 16
VisualStudioVersion = 16.0.28803.202
MinimumVisualStudioVersion = 10.0.40219.1
Project("{FAE04EC0-301F-11D3-BF4B-00C04F79EFBC}") = "AngularApp", "AngularApp\AngularApp.csproj", "{215F9AB5-ACE8-4AB0-9680-C4458E8FF945}"
EndProject
Global
	GlobalSection(SolutionConfigurationPlatforms) = preSolution
		Debug|Any CPU = Debug|Any CPU
		Release|Any CPU = Release|Any CPU
	EndGlobalSection
	GlobalSection(ProjectConfigurationPlatforms) = postSolution
		{215F9AB5-ACE8-4AB0-9680-C4458E8FF945}.Debug|Any CPU.ActiveCfg = Debug|Any CPU
		{215F9AB5-ACE8-4AB0-9680-C4458E8FF945}.Debug|Any CPU.Build.0 = Debug|Any CPU
		{215F9AB5-ACE8-4AB0-9680-C4458E8FF945}.Release|Any CPU.ActiveCfg = Release|Any CPU
		{215F9AB5-ACE8-4AB0-9680-C4458E8FF945}.Release|Any CPU.Build.0 = Release|Any CPU
	EndGlobalSection
	GlobalSection(SolutionProperties) = preSolution
		HideSolutionNode = FALSE
	EndGlobalSection
	GlobalSection(ExtensibilityGlobals) = postSolution
		SolutionGuid = {D78649F3-CC93-4242-9CE4-556FB4C31EDD}
	EndGlobalSection
EndGlobal
